
Microsoft Visual Studio Solution File, Format Version 12.00
# Visual Studio Version 17
VisualStudioVersion = 17.3.32825.248
MinimumVisualStudioVersion = 10.0.40219.1
Project("{9A19103F-16F7-4668-BE54-9A1E7A4F7556}") = "LeoDelgado.CharacterCreator.ConsoleHost", "LeoDelgado.CharacterCreator.ConsoleHost\LeoDelgado.CharacterCreator.ConsoleHost.csproj", "{7F2A6BCE-F35F-465E-913E-A04E0DF32DBB}"
EndProject
Project("{FAE04EC0-301F-11D3-BF4B-00C04F79EFBC}") = "LeoDelgado.CharacterCreator", "LeoDelgado.CharacterCreator\LeoDelgado.CharacterCreator.csproj", "{B4D53B77-13F4-4EC9-BF42-989F7FF81299}"
EndProject
Global
	GlobalSection(SolutionConfigurationPlatforms) = preSolution
		Debug|Any CPU = Debug|Any CPU
		Release|Any CPU = Release|Any CPU
	EndGlobalSection
	GlobalSection(ProjectConfigurationPlatforms) = postSolution
		{7F2A6BCE-F35F-465E-913E-A04E0DF32DBB}.Debug|Any CPU.ActiveCfg = Debug|Any CPU
		{7F2A6BCE-F35F-465E-913E-A04E0DF32DBB}.Debug|Any CPU.Build.0 = Debug|Any CPU
		{7F2A6BCE-F35F-465E-913E-A04E0DF32DBB}.Release|Any CPU.ActiveCfg = Release|Any CPU
		{7F2A6BCE-F35F-465E-913E-A04E0DF32DBB}.Release|Any CPU.Build.0 = Release|Any CPU
		{B4D53B77-13F4-4EC9-BF42-989F7FF81299}.Debug|Any CPU.ActiveCfg = Debug|Any CPU
		{B4D53B77-13F4-4EC9-BF42-989F7FF81299}.Debug|Any CPU.Build.0 = Debug|Any CPU
		{B4D53B77-13F4-4EC9-BF42-989F7FF81299}.Release|Any CPU.ActiveCfg = Release|Any CPU
		{B4D53B77-13F4-4EC9-BF42-989F7FF81299}.Release|Any CPU.Build.0 = Release|Any CPU
	EndGlobalSection
	GlobalSection(SolutionProperties) = preSolution
		HideSolutionNode = FALSE
	EndGlobalSection
	GlobalSection(ExtensibilityGlobals) = postSolution
		SolutionGuid = {166F654A-B28F-4FA8-92AE-C5A614147B51}
	EndGlobalSection
EndGlobal
