
Microsoft Visual Studio Solution File, Format Version 12.00
# Visual Studio Version 17
VisualStudioVersion = 17.2.32630.192
MinimumVisualStudioVersion = 10.0.40219.1
Project("{FAE04EC0-301F-11D3-BF4B-00C04F79EFBC}") = "Section1", "Section1\Section1.csproj", "{748C0B80-57E0-4889-A46F-48C96409D763}"
EndProject
Global
	GlobalSection(SolutionConfigurationPlatforms) = preSolution
		Debug|Any CPU = Debug|Any CPU
		Release|Any CPU = Release|Any CPU
	EndGlobalSection
	GlobalSection(ProjectConfigurationPlatforms) = postSolution
		{748C0B80-57E0-4889-A46F-48C96409D763}.Debug|Any CPU.ActiveCfg = Debug|Any CPU
		{748C0B80-57E0-4889-A46F-48C96409D763}.Debug|Any CPU.Build.0 = Debug|Any CPU
		{748C0B80-57E0-4889-A46F-48C96409D763}.Release|Any CPU.ActiveCfg = Release|Any CPU
		{748C0B80-57E0-4889-A46F-48C96409D763}.Release|Any CPU.Build.0 = Release|Any CPU
	EndGlobalSection
	GlobalSection(SolutionProperties) = preSolution
		HideSolutionNode = FALSE
	EndGlobalSection
	GlobalSection(ExtensibilityGlobals) = postSolution
		SolutionGuid = {3CAF8A1D-99DC-4106-8D50-B39CDBED0D77}
	EndGlobalSection
EndGlobal
